// !$*UTF8*$!
{
	archiveVersion = 1;
	classes = {
	};
	objectVersion = 77;
	objects = {

/* Begin PBXBuildFile section */
		FD1AE9522DA18DF000EE28AE /* WidgetKit.framework in Frameworks */ = {isa = PBXBuildFile; fileRef = FD1AE9512DA18DF000EE28AE /* WidgetKit.framework */; };
		FD1AE9542DA18DF000EE28AE /* SwiftUI.framework in Frameworks */ = {isa = PBXBuildFile; fileRef = FD1AE9532DA18DF000EE28AE /* SwiftUI.framework */; };
		FD1AE95F2DA18DF000EE28AE /* Waitlist WidgetExtension.appex in Embed Foundation Extensions */ = {isa = PBXBuildFile; fileRef = FD1AE94F2DA18DF000EE28AE /* Waitlist WidgetExtension.appex */; settings = {ATTRIBUTES = (RemoveHeadersOnCopy, ); }; };
/* End PBXBuildFile section */

/* Begin PBXContainerItemProxy section */
		FD1AE95D2DA18DF000EE28AE /* PBXContainerItemProxy */ = {
			isa = PBXContainerItemProxy;
			containerPortal = FD1AE9332DA18D6300EE28AE /* Project object */;
			proxyType = 1;
			remoteGlobalIDString = FD1AE94E2DA18DF000EE28AE;
			remoteInfo = "Waitlist WidgetExtension";
		};
/* End PBXContainerItemProxy section */

/* Begin PBXCopyFilesBuildPhase section */
		FD1AE9642DA18DF000EE28AE /* Embed Foundation Extensions */ = {
			isa = PBXCopyFilesBuildPhase;
			buildActionMask = 2147483647;
			dstPath = "";
			dstSubfolderSpec = 13;
			files = (
				FD1AE95F2DA18DF000EE28AE /* Waitlist WidgetExtension.appex in Embed Foundation Extensions */,
			);
			name = "Embed Foundation Extensions";
			runOnlyForDeploymentPostprocessing = 0;
		};
/* End PBXCopyFilesBuildPhase section */

/* Begin PBXFileReference section */
		FD1AE93B2DA18D6300EE28AE /* WaitlistLiveActivity.app */ = {isa = PBXFileReference; explicitFileType = wrapper.application; includeInIndex = 0; path = WaitlistLiveActivity.app; sourceTree = BUILT_PRODUCTS_DIR; };
		FD1AE94F2DA18DF000EE28AE /* Waitlist WidgetExtension.appex */ = {isa = PBXFileReference; explicitFileType = "wrapper.app-extension"; includeInIndex = 0; path = "Waitlist WidgetExtension.appex"; sourceTree = BUILT_PRODUCTS_DIR; };
		FD1AE9512DA18DF000EE28AE /* WidgetKit.framework */ = {isa = PBXFileReference; lastKnownFileType = wrapper.framework; name = WidgetKit.framework; path = System/Library/Frameworks/WidgetKit.framework; sourceTree = SDKROOT; };
		FD1AE9532DA18DF000EE28AE /* SwiftUI.framework */ = {isa = PBXFileReference; lastKnownFileType = wrapper.framework; name = SwiftUI.framework; path = System/Library/Frameworks/SwiftUI.framework; sourceTree = SDKROOT; };
/* End PBXFileReference section */

/* Begin PBXFileSystemSynchronizedBuildFileExceptionSet section */
		FD1AE9602DA18DF000EE28AE /* Exceptions for "Waitlist Widget" folder in "Waitlist WidgetExtension" target */ = {
			isa = PBXFileSystemSynchronizedBuildFileExceptionSet;
			membershipExceptions = (
				Info.plist,
			);
			target = FD1AE94E2DA18DF000EE28AE /* Waitlist WidgetExtension */;
		};
		FD1AE96A2DA1901100EE28AE /* Exceptions for "WaitlistLiveActivity" folder in "Waitlist WidgetExtension" target */ = {
			isa = PBXFileSystemSynchronizedBuildFileExceptionSet;
			membershipExceptions = (
				Assets.xcassets,
				WaitlistAttributes.swift,
			);
			target = FD1AE94E2DA18DF000EE28AE /* Waitlist WidgetExtension */;
		};
/* End PBXFileSystemSynchronizedBuildFileExceptionSet section */

/* Begin PBXFileSystemSynchronizedRootGroup section */
		FD1AE93D2DA18D6300EE28AE /* WaitlistLiveActivity */ = {
			isa = PBXFileSystemSynchronizedRootGroup;
			exceptions = (
				FD1AE96A2DA1901100EE28AE /* Exceptions for "WaitlistLiveActivity" folder in "Waitlist WidgetExtension" target */,
			);
			path = WaitlistLiveActivity;
			sourceTree = "<group>";
		};
		FD1AE9552DA18DF000EE28AE /* Waitlist Widget */ = {
			isa = PBXFileSystemSynchronizedRootGroup;
			exceptions = (
				FD1AE9602DA18DF000EE28AE /* Exceptions for "Waitlist Widget" folder in "Waitlist WidgetExtension" target */,
			);
			path = "Waitlist Widget";
			sourceTree = "<group>";
		};
/* End PBXFileSystemSynchronizedRootGroup section */

/* Begin PBXFrameworksBuildPhase section */
		FD1AE9382DA18D6300EE28AE /* Frameworks */ = {
			isa = PBXFrameworksBuildPhase;
			buildActionMask = 2147483647;
			files = (
			);
			runOnlyForDeploymentPostprocessing = 0;
		};
		FD1AE94C2DA18DF000EE28AE /* Frameworks */ = {
			isa = PBXFrameworksBuildPhase;
			buildActionMask = 2147483647;
			files = (
				FD1AE9542DA18DF000EE28AE /* SwiftUI.framework in Frameworks */,
				FD1AE9522DA18DF000EE28AE /* WidgetKit.framework in Frameworks */,
			);
			runOnlyForDeploymentPostprocessing = 0;
		};
/* End PBXFrameworksBuildPhase section */

/* Begin PBXGroup section */
		FD1AE9322DA18D6300EE28AE = {
			isa = PBXGroup;
			children = (
				FD1AE93D2DA18D6300EE28AE /* WaitlistLiveActivity */,
				FD1AE9552DA18DF000EE28AE /* Waitlist Widget */,
				FD1AE9502DA18DF000EE28AE /* Frameworks */,
				FD1AE93C2DA18D6300EE28AE /* Products */,
			);
			sourceTree = "<group>";
		};
		FD1AE93C2DA18D6300EE28AE /* Products */ = {
			isa = PBXGroup;
			children = (
				FD1AE93B2DA18D6300EE28AE /* WaitlistLiveActivity.app */,
				FD1AE94F2DA18DF000EE28AE /* Waitlist WidgetExtension.appex */,
			);
			name = Products;
			sourceTree = "<group>";
		};
		FD1AE9502DA18DF000EE28AE /* Frameworks */ = {
			isa = PBXGroup;
			children = (
				FD1AE9512DA18DF000EE28AE /* WidgetKit.framework */,
				FD1AE9532DA18DF000EE28AE /* SwiftUI.framework */,
			);
			name = Frameworks;
			sourceTree = "<group>";
		};
/* End PBXGroup section */

/* Begin PBXNativeTarget section */
		FD1AE93A2DA18D6300EE28AE /* WaitlistLiveActivity */ = {
			isa = PBXNativeTarget;
			buildConfigurationList = FD1AE9462DA18D6400EE28AE /* Build configuration list for PBXNativeTarget "WaitlistLiveActivity" */;
			buildPhases = (
				FD1AE9372DA18D6300EE28AE /* Sources */,
				FD1AE9382DA18D6300EE28AE /* Frameworks */,
				FD1AE9392DA18D6300EE28AE /* Resources */,
				FD1AE9642DA18DF000EE28AE /* Embed Foundation Extensions */,
			);
			buildRules = (
			);
			dependencies = (
				FD1AE95E2DA18DF000EE28AE /* PBXTargetDependency */,
			);
			fileSystemSynchronizedGroups = (
				FD1AE93D2DA18D6300EE28AE /* WaitlistLiveActivity */,
			);
			name = WaitlistLiveActivity;
			packageProductDependencies = (
			);
			productName = WaitlistLiveActivity;
			productReference = FD1AE93B2DA18D6300EE28AE /* WaitlistLiveActivity.app */;
			productType = "com.apple.product-type.application";
		};
		FD1AE94E2DA18DF000EE28AE /* Waitlist WidgetExtension */ = {
			isa = PBXNativeTarget;
			buildConfigurationList = FD1AE9612DA18DF000EE28AE /* Build configuration list for PBXNativeTarget "Waitlist WidgetExtension" */;
			buildPhases = (
				FD1AE94B2DA18DF000EE28AE /* Sources */,
				FD1AE94C2DA18DF000EE28AE /* Frameworks */,
				FD1AE94D2DA18DF000EE28AE /* Resources */,
			);
			buildRules = (
			);
			dependencies = (
			);
			fileSystemSynchronizedGroups = (
				FD1AE9552DA18DF000EE28AE /* Waitlist Widget */,
			);
			name = "Waitlist WidgetExtension";
			packageProductDependencies = (
			);
			productName = "Waitlist WidgetExtension";
			productReference = FD1AE94F2DA18DF000EE28AE /* Waitlist WidgetExtension.appex */;
			productType = "com.apple.product-type.app-extension";
		};
/* End PBXNativeTarget section */

/* Begin PBXProject section */
		FD1AE9332DA18D6300EE28AE /* Project object */ = {
			isa = PBXProject;
			attributes = {
				BuildIndependentTargetsInParallel = 1;
				LastSwiftUpdateCheck = 1630;
				LastUpgradeCheck = 1630;
				ORGANIZATIONNAME = Blacenova;
				TargetAttributes = {
					FD1AE93A2DA18D6300EE28AE = {
						CreatedOnToolsVersion = 16.3;
					};
					FD1AE94E2DA18DF000EE28AE = {
						CreatedOnToolsVersion = 16.3;
					};
				};
			};
			buildConfigurationList = FD1AE9362DA18D6300EE28AE /* Build configuration list for PBXProject "WaitlistLiveActivity" */;
			developmentRegion = en;
			hasScannedForEncodings = 0;
			knownRegions = (
				en,
				Base,
			);
			mainGroup = FD1AE9322DA18D6300EE28AE;
			minimizedProjectReferenceProxies = 1;
			preferredProjectObjectVersion = 77;
			productRefGroup = FD1AE93C2DA18D6300EE28AE /* Products */;
			projectDirPath = "";
			projectRoot = "";
			targets = (
				FD1AE93A2DA18D6300EE28AE /* WaitlistLiveActivity */,
				FD1AE94E2DA18DF000EE28AE /* Waitlist WidgetExtension */,
			);
		};
/* End PBXProject section */

/* Begin PBXResourcesBuildPhase section */
		FD1AE9392DA18D6300EE28AE /* Resources */ = {
			isa = PBXResourcesBuildPhase;
			buildActionMask = 2147483647;
			files = (
			);
			runOnlyForDeploymentPostprocessing = 0;
		};
		FD1AE94D2DA18DF000EE28AE /* Resources */ = {
			isa = PBXResourcesBuildPhase;
			buildActionMask = 2147483647;
			files = (
			);
			runOnlyForDeploymentPostprocessing = 0;
		};
/* End PBXResourcesBuildPhase section */

/* Begin PBXSourcesBuildPhase section */
		FD1AE9372DA18D6300EE28AE /* Sources */ = {
			isa = PBXSourcesBuildPhase;
			buildActionMask = 2147483647;
			files = (
			);
			runOnlyForDeploymentPostprocessing = 0;
		};
		FD1AE94B2DA18DF000EE28AE /* Sources */ = {
			isa = PBXSourcesBuildPhase;
			buildActionMask = 2147483647;
			files = (
			);
			runOnlyForDeploymentPostprocessing = 0;
		};
/* End PBXSourcesBuildPhase section */

/* Begin PBXTargetDependency section */
		FD1AE95E2DA18DF000EE28AE /* PBXTargetDependency */ = {
			isa = PBXTargetDependency;
			target = FD1AE94E2DA18DF000EE28AE /* Waitlist WidgetExtension */;
			targetProxy = FD1AE95D2DA18DF000EE28AE /* PBXContainerItemProxy */;
		};
/* End PBXTargetDependency section */

/* Begin XCBuildConfiguration section */
		FD1AE9442DA18D6400EE28AE /* Debug */ = {
			isa = XCBuildConfiguration;
			buildSettings = {
				ALWAYS_SEARCH_USER_PATHS = NO;
				ASSETCATALOG_COMPILER_GENERATE_SWIFT_ASSET_SYMBOL_EXTENSIONS = YES;
				CLANG_ANALYZER_NONNULL = YES;
				CLANG_ANALYZER_NUMBER_OBJECT_CONVERSION = YES_AGGRESSIVE;
				CLANG_CXX_LANGUAGE_STANDARD = "gnu++20";
				CLANG_ENABLE_MODULES = YES;
				CLANG_ENABLE_OBJC_ARC = YES;
				CLANG_ENABLE_OBJC_WEAK = YES;
				CLANG_WARN_BLOCK_CAPTURE_AUTORELEASING = YES;
				CLANG_WARN_BOOL_CONVERSION = YES;
				CLANG_WARN_COMMA = YES;
				CLANG_WARN_CONSTANT_CONVERSION = YES;
				CLANG_WARN_DEPRECATED_OBJC_IMPLEMENTATIONS = YES;
				CLANG_WARN_DIRECT_OBJC_ISA_USAGE = YES_ERROR;
				CLANG_WARN_DOCUMENTATION_COMMENTS = YES;
				CLANG_WARN_EMPTY_BODY = YES;
				CLANG_WARN_ENUM_CONVERSION = YES;
				CLANG_WARN_INFINITE_RECURSION = YES;
				CLANG_WARN_INT_CONVERSION = YES;
				CLANG_WARN_NON_LITERAL_NULL_CONVERSION = YES;
				CLANG_WARN_OBJC_IMPLICIT_RETAIN_SELF = YES;
				CLANG_WARN_OBJC_LITERAL_CONVERSION = YES;
				CLANG_WARN_OBJC_ROOT_CLASS = YES_ERROR;
				CLANG_WARN_QUOTED_INCLUDE_IN_FRAMEWORK_HEADER = YES;
				CLANG_WARN_RANGE_LOOP_ANALYSIS = YES;
				CLANG_WARN_STRICT_PROTOTYPES = YES;
				CLANG_WARN_SUSPICIOUS_MOVE = YES;
				CLANG_WARN_UNGUARDED_AVAILABILITY = YES_AGGRESSIVE;
				CLANG_WARN_UNREACHABLE_CODE = YES;
				CLANG_WARN__DUPLICATE_METHOD_MATCH = YES;
				COPY_PHASE_STRIP = NO;
				DEBUG_INFORMATION_FORMAT = dwarf;
				DEVELOPMENT_TEAM = YHZVJQ792Q;
				ENABLE_STRICT_OBJC_MSGSEND = YES;
				ENABLE_TESTABILITY = YES;
				ENABLE_USER_SCRIPT_SANDBOXING = YES;
				GCC_C_LANGUAGE_STANDARD = gnu17;
				GCC_DYNAMIC_NO_PIC = NO;
				GCC_NO_COMMON_BLOCKS = YES;
				GCC_OPTIMIZATION_LEVEL = 0;
				GCC_PREPROCESSOR_DEFINITIONS = (
					"DEBUG=1",
					"$(inherited)",
				);
				GCC_WARN_64_TO_32_BIT_CONVERSION = YES;
				GCC_WARN_ABOUT_RETURN_TYPE = YES_ERROR;
				GCC_WARN_UNDECLARED_SELECTOR = YES;
				GCC_WARN_UNINITIALIZED_AUTOS = YES_AGGRESSIVE;
				GCC_WARN_UNUSED_FUNCTION = YES;
				GCC_WARN_UNUSED_VARIABLE = YES;
				IPHONEOS_DEPLOYMENT_TARGET = 18.4;
				LOCALIZATION_PREFERS_STRING_CATALOGS = YES;
				MTL_ENABLE_DEBUG_INFO = INCLUDE_SOURCE;
				MTL_FAST_MATH = YES;
				ONLY_ACTIVE_ARCH = YES;
				SDKROOT = iphoneos;
				SWIFT_ACTIVE_COMPILATION_CONDITIONS = "DEBUG $(inherited)";
				SWIFT_OPTIMIZATION_LEVEL = "-Onone";
			};
			name = Debug;
		};
		FD1AE9452DA18D6400EE28AE /* Release */ = {
			isa = XCBuildConfiguration;
			buildSettings = {
				ALWAYS_SEARCH_USER_PATHS = NO;
				ASSETCATALOG_COMPILER_GENERATE_SWIFT_ASSET_SYMBOL_EXTENSIONS = YES;
				CLANG_ANALYZER_NONNULL = YES;
				CLANG_ANALYZER_NUMBER_OBJECT_CONVERSION = YES_AGGRESSIVE;
				CLANG_CXX_LANGUAGE_STANDARD = "gnu++20";
				CLANG_ENABLE_MODULES = YES;
				CLANG_ENABLE_OBJC_ARC = YES;
				CLANG_ENABLE_OBJC_WEAK = YES;
				CLANG_WARN_BLOCK_CAPTURE_AUTORELEASING = YES;
				CLANG_WARN_BOOL_CONVERSION = YES;
				CLANG_WARN_COMMA = YES;
				CLANG_WARN_CONSTANT_CONVERSION = YES;
				CLANG_WARN_DEPRECATED_OBJC_IMPLEMENTATIONS = YES;
				CLANG_WARN_DIRECT_OBJC_ISA_USAGE = YES_ERROR;
				CLANG_WARN_DOCUMENTATION_COMMENTS = YES;
				CLANG_WARN_EMPTY_BODY = YES;
				CLANG_WARN_ENUM_CONVERSION = YES;
				CLANG_WARN_INFINITE_RECURSION = YES;
				CLANG_WARN_INT_CONVERSION = YES;
				CLANG_WARN_NON_LITERAL_NULL_CONVERSION = YES;
				CLANG_WARN_OBJC_IMPLICIT_RETAIN_SELF = YES;
				CLANG_WARN_OBJC_LITERAL_CONVERSION = YES;
				CLANG_WARN_OBJC_ROOT_CLASS = YES_ERROR;
				CLANG_WARN_QUOTED_INCLUDE_IN_FRAMEWORK_HEADER = YES;
				CLANG_WARN_RANGE_LOOP_ANALYSIS = YES;
				CLANG_WARN_STRICT_PROTOTYPES = YES;
				CLANG_WARN_SUSPICIOUS_MOVE = YES;
				CLANG_WARN_UNGUARDED_AVAILABILITY = YES_AGGRESSIVE;
				CLANG_WARN_UNREACHABLE_CODE = YES;
				CLANG_WARN__DUPLICATE_METHOD_MATCH = YES;
				COPY_PHASE_STRIP = NO;
				DEBUG_INFORMATION_FORMAT = "dwarf-with-dsym";
				DEVELOPMENT_TEAM = YHZVJQ792Q;
				ENABLE_NS_ASSERTIONS = NO;
				ENABLE_STRICT_OBJC_MSGSEND = YES;
				ENABLE_USER_SCRIPT_SANDBOXING = YES;
				GCC_C_LANGUAGE_STANDARD = gnu17;
				GCC_NO_COMMON_BLOCKS = YES;
				GCC_WARN_64_TO_32_BIT_CONVERSION = YES;
				GCC_WARN_ABOUT_RETURN_TYPE = YES_ERROR;
				GCC_WARN_UNDECLARED_SELECTOR = YES;
				GCC_WARN_UNINITIALIZED_AUTOS = YES_AGGRESSIVE;
				GCC_WARN_UNUSED_FUNCTION = YES;
				GCC_WARN_UNUSED_VARIABLE = YES;
				IPHONEOS_DEPLOYMENT_TARGET = 18.4;
				LOCALIZATION_PREFERS_STRING_CATALOGS = YES;
				MTL_ENABLE_DEBUG_INFO = NO;
				MTL_FAST_MATH = YES;
				SDKROOT = iphoneos;
				SWIFT_COMPILATION_MODE = wholemodule;
				VALIDATE_PRODUCT = YES;
			};
			name = Release;
		};
		FD1AE9472DA18D6400EE28AE /* Debug */ = {
			isa = XCBuildConfiguration;
			buildSettings = {
				ASSETCATALOG_COMPILER_APPICON_NAME = AppIcon;
				ASSETCATALOG_COMPILER_GLOBAL_ACCENT_COLOR_NAME = AccentColor;
				CODE_SIGN_STYLE = Automatic;
				CURRENT_PROJECT_VERSION = 1;
				DEVELOPMENT_TEAM = YHZVJQ792Q;
				ENABLE_PREVIEWS = YES;
				GENERATE_INFOPLIST_FILE = YES;
				INFOPLIST_KEY_NSSupportsLiveActivities = YES;
				INFOPLIST_KEY_UIApplicationSceneManifest_Generation = YES;
				INFOPLIST_KEY_UIApplicationSupportsIndirectInputEvents = YES;
				INFOPLIST_KEY_UILaunchScreen_Generation = YES;
				INFOPLIST_KEY_UISupportedInterfaceOrientations_iPad = "UIInterfaceOrientationPortrait UIInterfaceOrientationPortraitUpsideDown UIInterfaceOrientationLandscapeLeft UIInterfaceOrientationLandscapeRight";
				INFOPLIST_KEY_UISupportedInterfaceOrientations_iPhone = "UIInterfaceOrientationPortrait UIInterfaceOrientationLandscapeLeft UIInterfaceOrientationLandscapeRight";
				LD_RUNPATH_SEARCH_PATHS = (
					"$(inherited)",
					"@executable_path/Frameworks",
				);
				MARKETING_VERSION = 1.0;
				PRODUCT_BUNDLE_IDENTIFIER = com.blacenovas.WaitlistLiveActivity;
				PRODUCT_NAME = "$(TARGET_NAME)";
				SWIFT_EMIT_LOC_STRINGS = YES;
				SWIFT_VERSION = 5.0;
				TARGETED_DEVICE_FAMILY = "1,2";
			};
			name = Debug;
		};
		FD1AE9482DA18D6400EE28AE /* Release */ = {
			isa = XCBuildConfiguration;
			buildSettings = {
				ASSETCATALOG_COMPILER_APPICON_NAME = AppIcon;
				ASSETCATALOG_COMPILER_GLOBAL_ACCENT_COLOR_NAME = AccentColor;
				CODE_SIGN_STYLE = Automatic;
				CURRENT_PROJECT_VERSION = 1;
				DEVELOPMENT_TEAM = YHZVJQ792Q;
				ENABLE_PREVIEWS = YES;
				GENERATE_INFOPLIST_FILE = YES;
				INFOPLIST_KEY_NSSupportsLiveActivities = YES;
				INFOPLIST_KEY_UIApplicationSceneManifest_Generation = YES;
				INFOPLIST_KEY_UIApplicationSupportsIndirectInputEvents = YES;
				INFOPLIST_KEY_UILaunchScreen_Generation = YES;
				INFOPLIST_KEY_UISupportedInterfaceOrientations_iPad = "UIInterfaceOrientationPortrait UIInterfaceOrientationPortraitUpsideDown UIInterfaceOrientationLandscapeLeft UIInterfaceOrientationLandscapeRight";
				INFOPLIST_KEY_UISupportedInterfaceOrientations_iPhone = "UIInterfaceOrientationPortrait UIInterfaceOrientationLandscapeLeft UIInterfaceOrientationLandscapeRight";
				LD_RUNPATH_SEARCH_PATHS = (
					"$(inherited)",
					"@executable_path/Frameworks",
				);
				MARKETING_VERSION = 1.0;
				PRODUCT_BUNDLE_IDENTIFIER = com.blacenovas.WaitlistLiveActivity;
				PRODUCT_NAME = "$(TARGET_NAME)";
				SWIFT_EMIT_LOC_STRINGS = YES;
				SWIFT_VERSION = 5.0;
				TARGETED_DEVICE_FAMILY = "1,2";
			};
			name = Release;
		};
		FD1AE9622DA18DF000EE28AE /* Debug */ = {
			isa = XCBuildConfiguration;
			buildSettings = {
				ASSETCATALOG_COMPILER_GLOBAL_ACCENT_COLOR_NAME = AccentColor;
				ASSETCATALOG_COMPILER_WIDGET_BACKGROUND_COLOR_NAME = WidgetBackground;
				CODE_SIGN_STYLE = Automatic;
				CURRENT_PROJECT_VERSION = 1;
				DEVELOPMENT_TEAM = YHZVJQ792Q;
				GENERATE_INFOPLIST_FILE = YES;
				INFOPLIST_FILE = "Waitlist Widget/Info.plist";
				INFOPLIST_KEY_CFBundleDisplayName = "Waitlist Widget";
				INFOPLIST_KEY_NSHumanReadableCopyright = "Copyright © 2025 Blacenova. All rights reserved.";
				LD_RUNPATH_SEARCH_PATHS = (
					"$(inherited)",
					"@executable_path/Frameworks",
					"@executable_path/../../Frameworks",
				);
				MARKETING_VERSION = 1.0;
				PRODUCT_BUNDLE_IDENTIFIER = "com.blacenovas.WaitlistLiveActivity.Waitlist-Widget";
				PRODUCT_NAME = "$(TARGET_NAME)";
				SKIP_INSTALL = YES;
				SWIFT_EMIT_LOC_STRINGS = YES;
				SWIFT_VERSION = 5.0;
				TARGETED_DEVICE_FAMILY = "1,2";
			};
			name = Debug;
		};
		FD1AE9632DA18DF000EE28AE /* Release */ = {
			isa = XCBuildConfiguration;
			buildSettings = {
				ASSETCATALOG_COMPILER_GLOBAL_ACCENT_COLOR_NAME = AccentColor;
				ASSETCATALOG_COMPILER_WIDGET_BACKGROUND_COLOR_NAME = WidgetBackground;
				CODE_SIGN_STYLE = Automatic;
				CURRENT_PROJECT_VERSION = 1;
				DEVELOPMENT_TEAM = YHZVJQ792Q;
				GENERATE_INFOPLIST_FILE = YES;
				INFOPLIST_FILE = "Waitlist Widget/Info.plist";
				INFOPLIST_KEY_CFBundleDisplayName = "Waitlist Widget";
				INFOPLIST_KEY_NSHumanReadableCopyright = "Copyright © 2025 Blacenova. All rights reserved.";
				LD_RUNPATH_SEARCH_PATHS = (
					"$(inherited)",
					"@executable_path/Frameworks",
					"@executable_path/../../Frameworks",
				);
				MARKETING_VERSION = 1.0;
				PRODUCT_BUNDLE_IDENTIFIER = "com.blacenovas.WaitlistLiveActivity.Waitlist-Widget";
				PRODUCT_NAME = "$(TARGET_NAME)";
				SKIP_INSTALL = YES;
				SWIFT_EMIT_LOC_STRINGS = YES;
				SWIFT_VERSION = 5.0;
				TARGETED_DEVICE_FAMILY = "1,2";
			};
			name = Release;
		};
/* End XCBuildConfiguration section */

/* Begin XCConfigurationList section */
		FD1AE9362DA18D6300EE28AE /* Build configuration list for PBXProject "WaitlistLiveActivity" */ = {
			isa = XCConfigurationList;
			buildConfigurations = (
				FD1AE9442DA18D6400EE28AE /* Debug */,
				FD1AE9452DA18D6400EE28AE /* Release */,
			);
			defaultConfigurationIsVisible = 0;
			defaultConfigurationName = Release;
		};
		FD1AE9462DA18D6400EE28AE /* Build configuration list for PBXNativeTarget "WaitlistLiveActivity" */ = {
			isa = XCConfigurationList;
			buildConfigurations = (
				FD1AE9472DA18D6400EE28AE /* Debug */,
				FD1AE9482DA18D6400EE28AE /* Release */,
			);
			defaultConfigurationIsVisible = 0;
			defaultConfigurationName = Release;
		};
		FD1AE9612DA18DF000EE28AE /* Build configuration list for PBXNativeTarget "Waitlist WidgetExtension" */ = {
			isa = XCConfigurationList;
			buildConfigurations = (
				FD1AE9622DA18DF000EE28AE /* Debug */,
				FD1AE9632DA18DF000EE28AE /* Release */,
			);
			defaultConfigurationIsVisible = 0;
			defaultConfigurationName = Release;
		};
/* End XCConfigurationList section */
	};
	rootObject = FD1AE9332DA18D6300EE28AE /* Project object */;
}
